// !$*UTF8*$!
{
	archiveVersion = 1;
	classes = {
	};
	objectVersion = 50;
	objects = {

/* Begin PBXBuildFile section */
		C3C37A47210F97B400E9A68C /* AppDelegate.swift in Sources */ = {isa = PBXBuildFile; fileRef = C3C37A46210F97B400E9A68C /* AppDelegate.swift */; };
		C3C37A49210F97B400E9A68C /* ViewController.swift in Sources */ = {isa = PBXBuildFile; fileRef = C3C37A48210F97B400E9A68C /* ViewController.swift */; };
		C3C37A4C210F97B400E9A68C /* Main.storyboard in Resources */ = {isa = PBXBuildFile; fileRef = C3C37A4A210F97B400E9A68C /* Main.storyboard */; };
		C3C37A4E210F97B600E9A68C /* Assets.xcassets in Resources */ = {isa = PBXBuildFile; fileRef = C3C37A4D210F97B600E9A68C /* Assets.xcassets */; };
		C3C37A51210F97B600E9A68C /* LaunchScreen.storyboard in Resources */ = {isa = PBXBuildFile; fileRef = C3C37A4F210F97B600E9A68C /* LaunchScreen.storyboard */; };
		C3C37A5C210F97B600E9A68C /* Hello_WorldTests.swift in Sources */ = {isa = PBXBuildFile; fileRef = C3C37A5B210F97B600E9A68C /* Hello_WorldTests.swift */; };
		C3C37A67210F97B600E9A68C /* Hello_WorldUITests.swift in Sources */ = {isa = PBXBuildFile; fileRef = C3C37A66210F97B600E9A68C /* Hello_WorldUITests.swift */; };
/* End PBXBuildFile section */

/* Begin PBXContainerItemProxy section */
		C3C37A58210F97B600E9A68C /* PBXContainerItemProxy */ = {
			isa = PBXContainerItemProxy;
			containerPortal = C3C37A3B210F97B400E9A68C /* Project object */;
			proxyType = 1;
			remoteGlobalIDString = C3C37A42210F97B400E9A68C;
			remoteInfo = "Hello World";
		};
		C3C37A63210F97B600E9A68C /* PBXContainerItemProxy */ = {
			isa = PBXContainerItemProxy;
			containerPortal = C3C37A3B210F97B400E9A68C /* Project object */;
			proxyType = 1;
			remoteGlobalIDString = C3C37A42210F97B400E9A68C;
			remoteInfo = "Hello World";
		};
/* End PBXContainerItemProxy section */

/* Begin PBXFileReference section */
		C3C37A43210F97B400E9A68C /* Hello World.app */ = {isa = PBXFileReference; explicitFileType = wrapper.application; includeInIndex = 0; path = "Hello World.app"; sourceTree = BUILT_PRODUCTS_DIR; };
		C3C37A46210F97B400E9A68C /* AppDelegate.swift */ = {isa = PBXFileReference; lastKnownFileType = sourcecode.swift; path = AppDelegate.swift; sourceTree = "<group>"; };
		C3C37A48210F97B400E9A68C /* ViewController.swift */ = {isa = PBXFileReference; lastKnownFileType = sourcecode.swift; path = ViewController.swift; sourceTree = "<group>"; };
		C3C37A4B210F97B400E9A68C /* Base */ = {isa = PBXFileReference; lastKnownFileType = file.storyboard; name = Base; path = Base.lproj/Main.storyboard; sourceTree = "<group>"; };
		C3C37A4D210F97B600E9A68C /* Assets.xcassets */ = {isa = PBXFileReference; lastKnownFileType = folder.assetcatalog; path = Assets.xcassets; sourceTree = "<group>"; };
		C3C37A50210F97B600E9A68C /* Base */ = {isa = PBXFileReference; lastKnownFileType = file.storyboard; name = Base; path = Base.lproj/LaunchScreen.storyboard; sourceTree = "<group>"; };
		C3C37A52210F97B600E9A68C /* Info.plist */ = {isa = PBXFileReference; lastKnownFileType = text.plist.xml; path = Info.plist; sourceTree = "<group>"; };
		C3C37A57210F97B600E9A68C /* Hello WorldTests.xctest */ = {isa = PBXFileReference; explicitFileType = wrapper.cfbundle; includeInIndex = 0; path = "Hello WorldTests.xctest"; sourceTree = BUILT_PRODUCTS_DIR; };
		C3C37A5B210F97B600E9A68C /* Hello_WorldTests.swift */ = {isa = PBXFileReference; lastKnownFileType = sourcecode.swift; path = Hello_WorldTests.swift; sourceTree = "<group>"; };
		C3C37A5D210F97B600E9A68C /* Info.plist */ = {isa = PBXFileReference; lastKnownFileType = text.plist.xml; path = Info.plist; sourceTree = "<group>"; };
		C3C37A62210F97B600E9A68C /* Hello WorldUITests.xctest */ = {isa = PBXFileReference; explicitFileType = wrapper.cfbundle; includeInIndex = 0; path = "Hello WorldUITests.xctest"; sourceTree = BUILT_PRODUCTS_DIR; };
		C3C37A66210F97B600E9A68C /* Hello_WorldUITests.swift */ = {isa = PBXFileReference; lastKnownFileType = sourcecode.swift; path = Hello_WorldUITests.swift; sourceTree = "<group>"; };
		C3C37A68210F97B600E9A68C /* Info.plist */ = {isa = PBXFileReference; lastKnownFileType = text.plist.xml; path = Info.plist; sourceTree = "<group>"; };
/* End PBXFileReference section */

/* Begin PBXFrameworksBuildPhase section */
		C3C37A40210F97B400E9A68C /* Frameworks */ = {
			isa = PBXFrameworksBuildPhase;
			buildActionMask = 2147483647;
			files = (
			);
			runOnlyForDeploymentPostprocessing = 0;
		};
		C3C37A54210F97B600E9A68C /* Frameworks */ = {
			isa = PBXFrameworksBuildPhase;
			buildActionMask = 2147483647;
			files = (
			);
			runOnlyForDeploymentPostprocessing = 0;
		};
		C3C37A5F210F97B600E9A68C /* Frameworks */ = {
			isa = PBXFrameworksBuildPhase;
			buildActionMask = 2147483647;
			files = (
			);
			runOnlyForDeploymentPostprocessing = 0;
		};
/* End PBXFrameworksBuildPhase section */

/* Begin PBXGroup section */
		C3C37A3A210F97B400E9A68C = {
			isa = PBXGroup;
			children = (
				C3C37A45210F97B400E9A68C /* Hello World */,
				C3C37A5A210F97B600E9A68C /* Hello WorldTests */,
				C3C37A65210F97B600E9A68C /* Hello WorldUITests */,
				C3C37A44210F97B400E9A68C /* Products */,
			);
			sourceTree = "<group>";
		};
		C3C37A44210F97B400E9A68C /* Products */ = {
			isa = PBXGroup;
			children = (
				C3C37A43210F97B400E9A68C /* Hello World.app */,
				C3C37A57210F97B600E9A68C /* Hello WorldTests.xctest */,
				C3C37A62210F97B600E9A68C /* Hello WorldUITests.xctest */,
			);
			name = Products;
			sourceTree = "<group>";
		};
		C3C37A45210F97B400E9A68C /* Hello World */ = {
			isa = PBXGroup;
			children = (
				C3C37A46210F97B400E9A68C /* AppDelegate.swift */,
				C3C37A48210F97B400E9A68C /* ViewController.swift */,
				C3C37A4A210F97B400E9A68C /* Main.storyboard */,
				C3C37A4D210F97B600E9A68C /* Assets.xcassets */,
				C3C37A4F210F97B600E9A68C /* LaunchScreen.storyboard */,
				C3C37A52210F97B600E9A68C /* Info.plist */,
			);
			path = "Hello World";
			sourceTree = "<group>";
		};
		C3C37A5A210F97B600E9A68C /* Hello WorldTests */ = {
			isa = PBXGroup;
			children = (
				C3C37A5B210F97B600E9A68C /* Hello_WorldTests.swift */,
				C3C37A5D210F97B600E9A68C /* Info.plist */,
			);
			path = "Hello WorldTests";
			sourceTree = "<group>";
		};
		C3C37A65210F97B600E9A68C /* Hello WorldUITests */ = {
			isa = PBXGroup;
			children = (
				C3C37A66210F97B600E9A68C /* Hello_WorldUITests.swift */,
				C3C37A68210F97B600E9A68C /* Info.plist */,
			);
			path = "Hello WorldUITests";
			sourceTree = "<group>";
		};
/* End PBXGroup section */

/* Begin PBXNativeTarget section */
		C3C37A42210F97B400E9A68C /* Hello World */ = {
			isa = PBXNativeTarget;
			buildConfigurationList = C3C37A6B210F97B600E9A68C /* Build configuration list for PBXNativeTarget "Hello World" */;
			buildPhases = (
				C3C37A3F210F97B400E9A68C /* Sources */,
				C3C37A40210F97B400E9A68C /* Frameworks */,
				C3C37A41210F97B400E9A68C /* Resources */,
			);
			buildRules = (
			);
			dependencies = (
			);
			name = "Hello World";
			productName = "Hello World";
			productReference = C3C37A43210F97B400E9A68C /* Hello World.app */;
			productType = "com.apple.product-type.application";
		};
		C3C37A56210F97B600E9A68C /* Hello WorldTests */ = {
			isa = PBXNativeTarget;
			buildConfigurationList = C3C37A6E210F97B600E9A68C /* Build configuration list for PBXNativeTarget "Hello WorldTests" */;
			buildPhases = (
				C3C37A53210F97B600E9A68C /* Sources */,
				C3C37A54210F97B600E9A68C /* Frameworks */,
				C3C37A55210F97B600E9A68C /* Resources */,
			);
			buildRules = (
			);
			dependencies = (
				C3C37A59210F97B600E9A68C /* PBXTargetDependency */,
			);
			name = "Hello WorldTests";
			productName = "Hello WorldTests";
			productReference = C3C37A57210F97B600E9A68C /* Hello WorldTests.xctest */;
			productType = "com.apple.product-type.bundle.unit-test";
		};
		C3C37A61210F97B600E9A68C /* Hello WorldUITests */ = {
			isa = PBXNativeTarget;
			buildConfigurationList = C3C37A71210F97B600E9A68C /* Build configuration list for PBXNativeTarget "Hello WorldUITests" */;
			buildPhases = (
				C3C37A5E210F97B600E9A68C /* Sources */,
				C3C37A5F210F97B600E9A68C /* Frameworks */,
				C3C37A60210F97B600E9A68C /* Resources */,
			);
			buildRules = (
			);
			dependencies = (
				C3C37A64210F97B600E9A68C /* PBXTargetDependency */,
			);
			name = "Hello WorldUITests";
			productName = "Hello WorldUITests";
			productReference = C3C37A62210F97B600E9A68C /* Hello WorldUITests.xctest */;
			productType = "com.apple.product-type.bundle.ui-testing";
		};
/* End PBXNativeTarget section */

/* Begin PBXProject section */
		C3C37A3B210F97B400E9A68C /* Project object */ = {
			isa = PBXProject;
			attributes = {
				LastSwiftUpdateCheck = 0940;
				LastUpgradeCheck = 0940;
				ORGANIZATIONNAME = "Daniel Sadavoy";
				TargetAttributes = {
					C3C37A42210F97B400E9A68C = {
						CreatedOnToolsVersion = 9.4.1;
					};
					C3C37A56210F97B600E9A68C = {
						CreatedOnToolsVersion = 9.4.1;
						TestTargetID = C3C37A42210F97B400E9A68C;
					};
					C3C37A61210F97B600E9A68C = {
						CreatedOnToolsVersion = 9.4.1;
						TestTargetID = C3C37A42210F97B400E9A68C;
					};
				};
			};
			buildConfigurationList = C3C37A3E210F97B400E9A68C /* Build configuration list for PBXProject "Hello World" */;
			compatibilityVersion = "Xcode 9.3";
			developmentRegion = en;
			hasScannedForEncodings = 0;
			knownRegions = (
				en,
				Base,
			);
			mainGroup = C3C37A3A210F97B400E9A68C;
			productRefGroup = C3C37A44210F97B400E9A68C /* Products */;
			projectDirPath = "";
			projectRoot = "";
			targets = (
				C3C37A42210F97B400E9A68C /* Hello World */,
				C3C37A56210F97B600E9A68C /* Hello WorldTests */,
				C3C37A61210F97B600E9A68C /* Hello WorldUITests */,
			);
		};
/* End PBXProject section */

/* Begin PBXResourcesBuildPhase section */
		C3C37A41210F97B400E9A68C /* Resources */ = {
			isa = PBXResourcesBuildPhase;
			buildActionMask = 2147483647;
			files = (
				C3C37A51210F97B600E9A68C /* LaunchScreen.storyboard in Resources */,
				C3C37A4E210F97B600E9A68C /* Assets.xcassets in Resources */,
				C3C37A4C210F97B400E9A68C /* Main.storyboard in Resources */,
			);
			runOnlyForDeploymentPostprocessing = 0;
		};
		C3C37A55210F97B600E9A68C /* Resources */ = {
			isa = PBXResourcesBuildPhase;
			buildActionMask = 2147483647;
			files = (
			);
			runOnlyForDeploymentPostprocessing = 0;
		};
		C3C37A60210F97B600E9A68C /* Resources */ = {
			isa = PBXResourcesBuildPhase;
			buildActionMask = 2147483647;
			files = (
			);
			runOnlyForDeploymentPostprocessing = 0;
		};
/* End PBXResourcesBuildPhase section */

/* Begin PBXSourcesBuildPhase section */
		C3C37A3F210F97B400E9A68C /* Sources */ = {
			isa = PBXSourcesBuildPhase;
			buildActionMask = 2147483647;
			files = (
				C3C37A49210F97B400E9A68C /* ViewController.swift in Sources */,
				C3C37A47210F97B400E9A68C /* AppDelegate.swift in Sources */,
			);
			runOnlyForDeploymentPostprocessing = 0;
		};
		C3C37A53210F97B600E9A68C /* Sources */ = {
			isa = PBXSourcesBuildPhase;
			buildActionMask = 2147483647;
			files = (
				C3C37A5C210F97B600E9A68C /* Hello_WorldTests.swift in Sources */,
			);
			runOnlyForDeploymentPostprocessing = 0;
		};
		C3C37A5E210F97B600E9A68C /* Sources */ = {
			isa = PBXSourcesBuildPhase;
			buildActionMask = 2147483647;
			files = (
				C3C37A67210F97B600E9A68C /* Hello_WorldUITests.swift in Sources */,
			);
			runOnlyForDeploymentPostprocessing = 0;
		};
/* End PBXSourcesBuildPhase section */

/* Begin PBXTargetDependency section */
		C3C37A59210F97B600E9A68C /* PBXTargetDependency */ = {
			isa = PBXTargetDependency;
			target = C3C37A42210F97B400E9A68C /* Hello World */;
			targetProxy = C3C37A58210F97B600E9A68C /* PBXContainerItemProxy */;
		};
		C3C37A64210F97B600E9A68C /* PBXTargetDependency */ = {
			isa = PBXTargetDependency;
			target = C3C37A42210F97B400E9A68C /* Hello World */;
			targetProxy = C3C37A63210F97B600E9A68C /* PBXContainerItemProxy */;
		};
/* End PBXTargetDependency section */

/* Begin PBXVariantGroup section */
		C3C37A4A210F97B400E9A68C /* Main.storyboard */ = {
			isa = PBXVariantGroup;
			children = (
				C3C37A4B210F97B400E9A68C /* Base */,
			);
			name = Main.storyboard;
			sourceTree = "<group>";
		};
		C3C37A4F210F97B600E9A68C /* LaunchScreen.storyboard */ = {
			isa = PBXVariantGroup;
			children = (
				C3C37A50210F97B600E9A68C /* Base */,
			);
			name = LaunchScreen.storyboard;
			sourceTree = "<group>";
		};
/* End PBXVariantGroup section */

/* Begin XCBuildConfiguration section */
		C3C37A69210F97B600E9A68C /* Debug */ = {
			isa = XCBuildConfiguration;
			buildSettings = {
				ALWAYS_SEARCH_USER_PATHS = NO;
				CLANG_ANALYZER_NONNULL = YES;
				CLANG_ANALYZER_NUMBER_OBJECT_CONVERSION = YES_AGGRESSIVE;
				CLANG_CXX_LANGUAGE_STANDARD = "gnu++14";
				CLANG_CXX_LIBRARY = "libc++";
				CLANG_ENABLE_MODULES = YES;
				CLANG_ENABLE_OBJC_ARC = YES;
				CLANG_ENABLE_OBJC_WEAK = YES;
				CLANG_WARN_BLOCK_CAPTURE_AUTORELEASING = YES;
				CLANG_WARN_BOOL_CONVERSION = YES;
				CLANG_WARN_COMMA = YES;
				CLANG_WARN_CONSTANT_CONVERSION = YES;
				CLANG_WARN_DEPRECATED_OBJC_IMPLEMENTATIONS = YES;
				CLANG_WARN_DIRECT_OBJC_ISA_USAGE = YES_ERROR;
				CLANG_WARN_DOCUMENTATION_COMMENTS = YES;
				CLANG_WARN_EMPTY_BODY = YES;
				CLANG_WARN_ENUM_CONVERSION = YES;
				CLANG_WARN_INFINITE_RECURSION = YES;
				CLANG_WARN_INT_CONVERSION = YES;
				CLANG_WARN_NON_LITERAL_NULL_CONVERSION = YES;
				CLANG_WARN_OBJC_IMPLICIT_RETAIN_SELF = YES;
				CLANG_WARN_OBJC_LITERAL_CONVERSION = YES;
				CLANG_WARN_OBJC_ROOT_CLASS = YES_ERROR;
				CLANG_WARN_RANGE_LOOP_ANALYSIS = YES;
				CLANG_WARN_STRICT_PROTOTYPES = YES;
				CLANG_WARN_SUSPICIOUS_MOVE = YES;
				CLANG_WARN_UNGUARDED_AVAILABILITY = YES_AGGRESSIVE;
				CLANG_WARN_UNREACHABLE_CODE = YES;
				CLANG_WARN__DUPLICATE_METHOD_MATCH = YES;
				CODE_SIGN_IDENTITY = "iPhone Developer";
				COPY_PHASE_STRIP = NO;
				DEBUG_INFORMATION_FORMAT = dwarf;
				ENABLE_STRICT_OBJC_MSGSEND = YES;
				ENABLE_TESTABILITY = YES;
				GCC_C_LANGUAGE_STANDARD = gnu11;
				GCC_DYNAMIC_NO_PIC = NO;
				GCC_NO_COMMON_BLOCKS = YES;
				GCC_OPTIMIZATION_LEVEL = 0;
				GCC_PREPROCESSOR_DEFINITIONS = (
					"DEBUG=1",
					"$(inherited)",
				);
				GCC_WARN_64_TO_32_BIT_CONVERSION = YES;
				GCC_WARN_ABOUT_RETURN_TYPE = YES_ERROR;
				GCC_WARN_UNDECLARED_SELECTOR = YES;
				GCC_WARN_UNINITIALIZED_AUTOS = YES_AGGRESSIVE;
				GCC_WARN_UNUSED_FUNCTION = YES;
				GCC_WARN_UNUSED_VARIABLE = YES;
				IPHONEOS_DEPLOYMENT_TARGET = 11.4;
				MTL_ENABLE_DEBUG_INFO = YES;
				ONLY_ACTIVE_ARCH = YES;
				SDKROOT = iphoneos;
				SWIFT_ACTIVE_COMPILATION_CONDITIONS = DEBUG;
				SWIFT_OPTIMIZATION_LEVEL = "-Onone";
			};
			name = Debug;
		};
		C3C37A6A210F97B600E9A68C /* Release */ = {
			isa = XCBuildConfiguration;
			buildSettings = {
				ALWAYS_SEARCH_USER_PATHS = NO;
				CLANG_ANALYZER_NONNULL = YES;
				CLANG_ANALYZER_NUMBER_OBJECT_CONVERSION = YES_AGGRESSIVE;
				CLANG_CXX_LANGUAGE_STANDARD = "gnu++14";
				CLANG_CXX_LIBRARY = "libc++";
				CLANG_ENABLE_MODULES = YES;
				CLANG_ENABLE_OBJC_ARC = YES;
				CLANG_ENABLE_OBJC_WEAK = YES;
				CLANG_WARN_BLOCK_CAPTURE_AUTORELEASING = YES;
				CLANG_WARN_BOOL_CONVERSION = YES;
				CLANG_WARN_COMMA = YES;
				CLANG_WARN_CONSTANT_CONVERSION = YES;
				CLANG_WARN_DEPRECATED_OBJC_IMPLEMENTATIONS = YES;
				CLANG_WARN_DIRECT_OBJC_ISA_USAGE = YES_ERROR;
				CLANG_WARN_DOCUMENTATION_COMMENTS = YES;
				CLANG_WARN_EMPTY_BODY = YES;
				CLANG_WARN_ENUM_CONVERSION = YES;
				CLANG_WARN_INFINITE_RECURSION = YES;
				CLANG_WARN_INT_CONVERSION = YES;
				CLANG_WARN_NON_LITERAL_NULL_CONVERSION = YES;
				CLANG_WARN_OBJC_IMPLICIT_RETAIN_SELF = YES;
				CLANG_WARN_OBJC_LITERAL_CONVERSION = YES;
				CLANG_WARN_OBJC_ROOT_CLASS = YES_ERROR;
				CLANG_WARN_RANGE_LOOP_ANALYSIS = YES;
				CLANG_WARN_STRICT_PROTOTYPES = YES;
				CLANG_WARN_SUSPICIOUS_MOVE = YES;
				CLANG_WARN_UNGUARDED_AVAILABILITY = YES_AGGRESSIVE;
				CLANG_WARN_UNREACHABLE_CODE = YES;
				CLANG_WARN__DUPLICATE_METHOD_MATCH = YES;
				CODE_SIGN_IDENTITY = "iPhone Developer";
				COPY_PHASE_STRIP = NO;
				DEBUG_INFORMATION_FORMAT = "dwarf-with-dsym";
				ENABLE_NS_ASSERTIONS = NO;
				ENABLE_STRICT_OBJC_MSGSEND = YES;
				GCC_C_LANGUAGE_STANDARD = gnu11;
				GCC_NO_COMMON_BLOCKS = YES;
				GCC_WARN_64_TO_32_BIT_CONVERSION = YES;
				GCC_WARN_ABOUT_RETURN_TYPE = YES_ERROR;
				GCC_WARN_UNDECLARED_SELECTOR = YES;
				GCC_WARN_UNINITIALIZED_AUTOS = YES_AGGRESSIVE;
				GCC_WARN_UNUSED_FUNCTION = YES;
				GCC_WARN_UNUSED_VARIABLE = YES;
				IPHONEOS_DEPLOYMENT_TARGET = 11.4;
				MTL_ENABLE_DEBUG_INFO = NO;
				SDKROOT = iphoneos;
				SWIFT_COMPILATION_MODE = wholemodule;
				SWIFT_OPTIMIZATION_LEVEL = "-O";
				VALIDATE_PRODUCT = YES;
			};
			name = Release;
		};
		C3C37A6C210F97B600E9A68C /* Debug */ = {
			isa = XCBuildConfiguration;
			buildSettings = {
				ASSETCATALOG_COMPILER_APPICON_NAME = AppIcon;
				CODE_SIGN_STYLE = Automatic;
				INFOPLIST_FILE = "Hello World/Info.plist";
				LD_RUNPATH_SEARCH_PATHS = (
					"$(inherited)",
					"@executable_path/Frameworks",
				);
				PRODUCT_BUNDLE_IDENTIFIER = "com.dansad.Hello-World";
				PRODUCT_NAME = "$(TARGET_NAME)";
				SWIFT_VERSION = 4.0;
				TARGETED_DEVICE_FAMILY = "1,2";
			};
			name = Debug;
		};
		C3C37A6D210F97B600E9A68C /* Release */ = {
			isa = XCBuildConfiguration;
			buildSettings = {
				ASSETCATALOG_COMPILER_APPICON_NAME = AppIcon;
				CODE_SIGN_STYLE = Automatic;
				INFOPLIST_FILE = "Hello World/Info.plist";
				LD_RUNPATH_SEARCH_PATHS = (
					"$(inherited)",
					"@executable_path/Frameworks",
				);
				PRODUCT_BUNDLE_IDENTIFIER = "com.dansad.Hello-World";
				PRODUCT_NAME = "$(TARGET_NAME)";
				SWIFT_VERSION = 4.0;
				TARGETED_DEVICE_FAMILY = "1,2";
			};
			name = Release;
		};
		C3C37A6F210F97B600E9A68C /* Debug */ = {
			isa = XCBuildConfiguration;
			buildSettings = {
				ALWAYS_EMBED_SWIFT_STANDARD_LIBRARIES = YES;
				BUNDLE_LOADER = "$(TEST_HOST)";
				CODE_SIGN_STYLE = Automatic;
				INFOPLIST_FILE = "Hello WorldTests/Info.plist";
				LD_RUNPATH_SEARCH_PATHS = (
					"$(inherited)",
					"@executable_path/Frameworks",
					"@loader_path/Frameworks",
				);
				PRODUCT_BUNDLE_IDENTIFIER = "com.dansad.Hello-WorldTests";
				PRODUCT_NAME = "$(TARGET_NAME)";
				SWIFT_VERSION = 4.0;
				TARGETED_DEVICE_FAMILY = "1,2";
				TEST_HOST = "$(BUILT_PRODUCTS_DIR)/Hello World.app/Hello World";
			};
			name = Debug;
		};
		C3C37A70210F97B600E9A68C /* Release */ = {
			isa = XCBuildConfiguration;
			buildSettings = {
				ALWAYS_EMBED_SWIFT_STANDARD_LIBRARIES = YES;
				BUNDLE_LOADER = "$(TEST_HOST)";
				CODE_SIGN_STYLE = Automatic;
				INFOPLIST_FILE = "Hello WorldTests/Info.plist";
				LD_RUNPATH_SEARCH_PATHS = (
					"$(inherited)",
					"@executable_path/Frameworks",
					"@loader_path/Frameworks",
				);
				PRODUCT_BUNDLE_IDENTIFIER = "com.dansad.Hello-WorldTests";
				PRODUCT_NAME = "$(TARGET_NAME)";
				SWIFT_VERSION = 4.0;
				TARGETED_DEVICE_FAMILY = "1,2";
				TEST_HOST = "$(BUILT_PRODUCTS_DIR)/Hello World.app/Hello World";
			};
			name = Release;
		};
		C3C37A72210F97B600E9A68C /* Debug */ = {
			isa = XCBuildConfiguration;
			buildSettings = {
				ALWAYS_EMBED_SWIFT_STANDARD_LIBRARIES = YES;
				CODE_SIGN_STYLE = Automatic;
				INFOPLIST_FILE = "Hello WorldUITests/Info.plist";
				LD_RUNPATH_SEARCH_PATHS = (
					"$(inherited)",
					"@executable_path/Frameworks",
					"@loader_path/Frameworks",
				);
				PRODUCT_BUNDLE_IDENTIFIER = "com.dansad.Hello-WorldUITests";
				PRODUCT_NAME = "$(TARGET_NAME)";
				SWIFT_VERSION = 4.0;
				TARGETED_DEVICE_FAMILY = "1,2";
				TEST_TARGET_NAME = "Hello World";
			};
			name = Debug;
		};
		C3C37A73210F97B600E9A68C /* Release */ = {
			isa = XCBuildConfiguration;
			buildSettings = {
				ALWAYS_EMBED_SWIFT_STANDARD_LIBRARIES = YES;
				CODE_SIGN_STYLE = Automatic;
				INFOPLIST_FILE = "Hello WorldUITests/Info.plist";
				LD_RUNPATH_SEARCH_PATHS = (
					"$(inherited)",
					"@executable_path/Frameworks",
					"@loader_path/Frameworks",
				);
				PRODUCT_BUNDLE_IDENTIFIER = "com.dansad.Hello-WorldUITests";
				PRODUCT_NAME = "$(TARGET_NAME)";
				SWIFT_VERSION = 4.0;
				TARGETED_DEVICE_FAMILY = "1,2";
				TEST_TARGET_NAME = "Hello World";
			};
			name = Release;
		};
/* End XCBuildConfiguration section */

/* Begin XCConfigurationList section */
		C3C37A3E210F97B400E9A68C /* Build configuration list for PBXProject "Hello World" */ = {
			isa = XCConfigurationList;
			buildConfigurations = (
				C3C37A69210F97B600E9A68C /* Debug */,
				C3C37A6A210F97B600E9A68C /* Release */,
			);
			defaultConfigurationIsVisible = 0;
			defaultConfigurationName = Release;
		};
		C3C37A6B210F97B600E9A68C /* Build configuration list for PBXNativeTarget "Hello World" */ = {
			isa = XCConfigurationList;
			buildConfigurations = (
				C3C37A6C210F97B600E9A68C /* Debug */,
				C3C37A6D210F97B600E9A68C /* Release */,
			);
			defaultConfigurationIsVisible = 0;
			defaultConfigurationName = Release;
		};
		C3C37A6E210F97B600E9A68C /* Build configuration list for PBXNativeTarget "Hello WorldTests" */ = {
			isa = XCConfigurationList;
			buildConfigurations = (
				C3C37A6F210F97B600E9A68C /* Debug */,
				C3C37A70210F97B600E9A68C /* Release */,
			);
			defaultConfigurationIsVisible = 0;
			defaultConfigurationName = Release;
		};
		C3C37A71210F97B600E9A68C /* Build configuration list for PBXNativeTarget "Hello WorldUITests" */ = {
			isa = XCConfigurationList;
			buildConfigurations = (
				C3C37A72210F97B600E9A68C /* Debug */,
				C3C37A73210F97B600E9A68C /* Release */,
			);
			defaultConfigurationIsVisible = 0;
			defaultConfigurationName = Release;
		};
/* End XCConfigurationList section */
	};
	rootObject = C3C37A3B210F97B400E9A68C /* Project object */;
}
